
Microsoft Visual Studio Solution File, Format Version 12.00
# Visual Studio Version 17
VisualStudioVersion = 17.0.31903.59
MinimumVisualStudioVersion = 10.0.40219.1
Project("{2150E333-8FDC-42A3-9474-1A3956D46DE8}") = "Core", "Core", "{13C5D86A-0FC2-4459-995B-C872D2E6D8D0}"
EndProject
Project("{FAE04EC0-301F-11D3-BF4B-00C04F79EFBC}") = "SolforbTest.Domain", "Core\SolforbTest.Domain\SolforbTest.Domain.csproj", "{6B103F59-DEAC-4877-AE36-3589A4543660}"
EndProject
Global
	GlobalSection(SolutionConfigurationPlatforms) = preSolution
		Debug|Any CPU = Debug|Any CPU
		Release|Any CPU = Release|Any CPU
	EndGlobalSection
	GlobalSection(SolutionProperties) = preSolution
		HideSolutionNode = FALSE
	EndGlobalSection
	GlobalSection(ProjectConfigurationPlatforms) = postSolution
		{6B103F59-DEAC-4877-AE36-3589A4543660}.Debug|Any CPU.ActiveCfg = Debug|Any CPU
		{6B103F59-DEAC-4877-AE36-3589A4543660}.Debug|Any CPU.Build.0 = Debug|Any CPU
		{6B103F59-DEAC-4877-AE36-3589A4543660}.Release|Any CPU.ActiveCfg = Release|Any CPU
		{6B103F59-DEAC-4877-AE36-3589A4543660}.Release|Any CPU.Build.0 = Release|Any CPU
	EndGlobalSection
	GlobalSection(NestedProjects) = preSolution
		{6B103F59-DEAC-4877-AE36-3589A4543660} = {13C5D86A-0FC2-4459-995B-C872D2E6D8D0}
	EndGlobalSection
EndGlobal
