
Microsoft Visual Studio Solution File, Format Version 12.00
# Visual Studio Version 17
VisualStudioVersion = 17.0.31903.59
MinimumVisualStudioVersion = 10.0.40219.1
Project("{2150E333-8FDC-42A3-9474-1A3956D46DE8}") = "Core", "Core", "{13C5D86A-0FC2-4459-995B-C872D2E6D8D0}"
EndProject
Project("{FAE04EC0-301F-11D3-BF4B-00C04F79EFBC}") = "SolforbTest.Domain", "Core\SolforbTest.Domain\SolforbTest.Domain.csproj", "{6B103F59-DEAC-4877-AE36-3589A4543660}"
EndProject
Project("{2150E333-8FDC-42A3-9474-1A3956D46DE8}") = "Data", "Data", "{F2093329-49A7-4D00-B43E-3D99567D351E}"
EndProject
Project("{FAE04EC0-301F-11D3-BF4B-00C04F79EFBC}") = "SolforbTest.EfContext", "Data\SolforbTest.EfContext\SolforbTest.EfContext.csproj", "{1B90693A-1502-4479-9185-97CCBA2D9C71}"
EndProject
Project("{FAE04EC0-301F-11D3-BF4B-00C04F79EFBC}") = "SolforbTest.Application", "Core\SolforbTest.Application\SolforbTest.Application.csproj", "{60C05C18-DA15-4F7D-ACB4-5516918A192B}"
EndProject
Project("{2150E333-8FDC-42A3-9474-1A3956D46DE8}") = "Presentation", "Presentation", "{180C43A2-D5F3-4BCE-9D49-670304D58B49}"
EndProject
Project("{FAE04EC0-301F-11D3-BF4B-00C04F79EFBC}") = "SolforbTest.WebClient", "Presentation\SolforbTest.WebClient\SolforbTest.WebClient.csproj", "{F79C7998-959D-4706-872C-19F64E536F84}"
EndProject
Project("{FAE04EC0-301F-11D3-BF4B-00C04F79EFBC}") = "SolforbTest.EfContext.SqlServer", "Data\SolforbTest.EfContext.SqlServer\SolforbTest.EfContext.SqlServer.csproj", "{A09F8066-4529-4606-942F-0AD20876740C}"
EndProject
Project("{2150E333-8FDC-42A3-9474-1A3956D46DE8}") = "Tools", "Tools", "{176628DC-1DB2-403B-A514-FC7BCB8BFFC1}"
EndProject
Project("{FAE04EC0-301F-11D3-BF4B-00C04F79EFBC}") = "SolforbTest.MigrationsTool", "Tools\SolforbTest.MigrationsTool\SolforbTest.MigrationsTool.csproj", "{7BCB376E-D571-491B-8DA8-C7ADBBD5A9FB}"
EndProject
Global
	GlobalSection(SolutionConfigurationPlatforms) = preSolution
		Debug|Any CPU = Debug|Any CPU
		Release|Any CPU = Release|Any CPU
	EndGlobalSection
	GlobalSection(SolutionProperties) = preSolution
		HideSolutionNode = FALSE
	EndGlobalSection
	GlobalSection(ProjectConfigurationPlatforms) = postSolution
		{6B103F59-DEAC-4877-AE36-3589A4543660}.Debug|Any CPU.ActiveCfg = Debug|Any CPU
		{6B103F59-DEAC-4877-AE36-3589A4543660}.Debug|Any CPU.Build.0 = Debug|Any CPU
		{6B103F59-DEAC-4877-AE36-3589A4543660}.Release|Any CPU.ActiveCfg = Release|Any CPU
		{6B103F59-DEAC-4877-AE36-3589A4543660}.Release|Any CPU.Build.0 = Release|Any CPU
		{1B90693A-1502-4479-9185-97CCBA2D9C71}.Debug|Any CPU.ActiveCfg = Debug|Any CPU
		{1B90693A-1502-4479-9185-97CCBA2D9C71}.Debug|Any CPU.Build.0 = Debug|Any CPU
		{1B90693A-1502-4479-9185-97CCBA2D9C71}.Release|Any CPU.ActiveCfg = Release|Any CPU
		{1B90693A-1502-4479-9185-97CCBA2D9C71}.Release|Any CPU.Build.0 = Release|Any CPU
		{60C05C18-DA15-4F7D-ACB4-5516918A192B}.Debug|Any CPU.ActiveCfg = Debug|Any CPU
		{60C05C18-DA15-4F7D-ACB4-5516918A192B}.Debug|Any CPU.Build.0 = Debug|Any CPU
		{60C05C18-DA15-4F7D-ACB4-5516918A192B}.Release|Any CPU.ActiveCfg = Release|Any CPU
		{60C05C18-DA15-4F7D-ACB4-5516918A192B}.Release|Any CPU.Build.0 = Release|Any CPU
		{F79C7998-959D-4706-872C-19F64E536F84}.Debug|Any CPU.ActiveCfg = Debug|Any CPU
		{F79C7998-959D-4706-872C-19F64E536F84}.Debug|Any CPU.Build.0 = Debug|Any CPU
		{F79C7998-959D-4706-872C-19F64E536F84}.Release|Any CPU.ActiveCfg = Release|Any CPU
		{F79C7998-959D-4706-872C-19F64E536F84}.Release|Any CPU.Build.0 = Release|Any CPU
		{A09F8066-4529-4606-942F-0AD20876740C}.Debug|Any CPU.ActiveCfg = Debug|Any CPU
		{A09F8066-4529-4606-942F-0AD20876740C}.Debug|Any CPU.Build.0 = Debug|Any CPU
		{A09F8066-4529-4606-942F-0AD20876740C}.Release|Any CPU.ActiveCfg = Release|Any CPU
		{A09F8066-4529-4606-942F-0AD20876740C}.Release|Any CPU.Build.0 = Release|Any CPU
		{7BCB376E-D571-491B-8DA8-C7ADBBD5A9FB}.Debug|Any CPU.ActiveCfg = Debug|Any CPU
		{7BCB376E-D571-491B-8DA8-C7ADBBD5A9FB}.Debug|Any CPU.Build.0 = Debug|Any CPU
		{7BCB376E-D571-491B-8DA8-C7ADBBD5A9FB}.Release|Any CPU.ActiveCfg = Release|Any CPU
		{7BCB376E-D571-491B-8DA8-C7ADBBD5A9FB}.Release|Any CPU.Build.0 = Release|Any CPU
	EndGlobalSection
	GlobalSection(NestedProjects) = preSolution
		{6B103F59-DEAC-4877-AE36-3589A4543660} = {13C5D86A-0FC2-4459-995B-C872D2E6D8D0}
		{1B90693A-1502-4479-9185-97CCBA2D9C71} = {F2093329-49A7-4D00-B43E-3D99567D351E}
		{60C05C18-DA15-4F7D-ACB4-5516918A192B} = {13C5D86A-0FC2-4459-995B-C872D2E6D8D0}
		{F79C7998-959D-4706-872C-19F64E536F84} = {180C43A2-D5F3-4BCE-9D49-670304D58B49}
		{A09F8066-4529-4606-942F-0AD20876740C} = {F2093329-49A7-4D00-B43E-3D99567D351E}
		{7BCB376E-D571-491B-8DA8-C7ADBBD5A9FB} = {176628DC-1DB2-403B-A514-FC7BCB8BFFC1}
	EndGlobalSection
EndGlobal
